
Microsoft Visual Studio Solution File, Format Version 12.00
# Visual Studio Version 17
VisualStudioVersion = 17.11.35327.3
MinimumVisualStudioVersion = 10.0.40219.1
Project("{FAE04EC0-301F-11D3-BF4B-00C04F79EFBC}") = "LIBDG", "LIBDG\LIBDG.csproj", "{EC634D3E-ADC4-46D3-B40D-ADA0F21743D2}"
EndProject
Global
	GlobalSection(SolutionConfigurationPlatforms) = preSolution
		Debug|Any CPU = Debug|Any CPU
		Release|Any CPU = Release|Any CPU
	EndGlobalSection
	GlobalSection(ProjectConfigurationPlatforms) = postSolution
		{EC634D3E-ADC4-46D3-B40D-ADA0F21743D2}.Debug|Any CPU.ActiveCfg = Debug|Any CPU
		{EC634D3E-ADC4-46D3-B40D-ADA0F21743D2}.Debug|Any CPU.Build.0 = Debug|Any CPU
		{EC634D3E-ADC4-46D3-B40D-ADA0F21743D2}.Release|Any CPU.ActiveCfg = Release|Any CPU
		{EC634D3E-ADC4-46D3-B40D-ADA0F21743D2}.Release|Any CPU.Build.0 = Release|Any CPU
	EndGlobalSection
	GlobalSection(SolutionProperties) = preSolution
		HideSolutionNode = FALSE
	EndGlobalSection
	GlobalSection(ExtensibilityGlobals) = postSolution
		SolutionGuid = {F91D5FC4-FBAE-4784-963C-65FBE45C3730}
	EndGlobalSection
EndGlobal
